# This file is automatically @generated by Cargo.
# It is not intended for manual editing.
version = 4

[[package]]
name = "bitflags"
version = "2.9.4"
source = "registry+https://github.com/rust-lang/crates.io-index"
checksum = "2261d10cca569e4643e526d8dc2e62e433cc8aba21ab764233731f8d369bf394"

[[package]]
name = "leb128fmt"
version = "0.1.0"
source = "registry+https://github.com/rust-lang/crates.io-index"
checksum = "09edd9e8b54e49e587e4f6295a7d29c3ea94d469cb40ab8ca70b288248a81db2"

[[package]]
name = "powerpc"
version = "0.4.1"
source = "registry+https://github.com/rust-lang/crates.io-index"
checksum = "f9cac36a8d92f3c9d38ebfa606e3bbbbec229a8d757f03de0999898522856e33"

[[package]]
name = "rv-asm"
version = "0.2.1"
source = "git+https://github.com/portal-co/rv-utils.git#28aa94c48c3d52819866d425ea9285035cf47d47"

[[package]]
name = "speet-powerpc"
version = "0.1.0"
dependencies = [
 "powerpc",
 "wasm-encoder",
 "yecta",
]

[[package]]
name = "speet-riscv"
version = "0.1.0"
dependencies = [
 "rv-asm",
 "wasm-encoder",
 "yecta",
]

[[package]]
name = "wasm-encoder"
version = "0.240.0"
source = "registry+https://github.com/rust-lang/crates.io-index"
checksum = "06d642d8c5ecc083aafe9ceb32809276a304547a3a6eeecceb5d8152598bc71f"
dependencies = [
 "leb128fmt",
 "wasmparser",
]

[[package]]
name = "wasmparser"
version = "0.240.0"
source = "registry+https://github.com/rust-lang/crates.io-index"
checksum = "b722dcf61e0ea47440b53ff83ccb5df8efec57a69d150e4f24882e4eba7e24a4"
dependencies = [
 "bitflags",
]

[[package]]
name = "yecta"
version = "0.1.0"
dependencies = [
 "wasm-encoder",
]
